# This is a Gradle generated file for dependency locking.
# Manual edits can break the build and are not advised.
# This file is expected to be part of source control.
io.micrometer:micrometer-bom:1.10.0-M2=classpath
io.micrometer:micrometer-tracing-bom:1.0.0-M5=classpath
org.junit:junit-bom:5.8.2=classpath
empty=archives,default,signatures
